// !$*UTF8*$!
{
	archiveVersion = 1;
	classes = {
	};
	objectVersion = 77;
	objects = {

/* Begin PBXContainerItemProxy section */
		AE2C34F72F2EBFF7006C94E1 /* PBXContainerItemProxy */ = {
			isa = PBXContainerItemProxy;
			containerPortal = AE2C34DF2F2EBFF6006C94E1 /* Project object */;
			proxyType = 1;
			remoteGlobalIDString = AE2C34E62F2EBFF6006C94E1;
			remoteInfo = PokeJournal;
		};
		AE2C35012F2EBFF7006C94E1 /* PBXContainerItemProxy */ = {
			isa = PBXContainerItemProxy;
			containerPortal = AE2C34DF2F2EBFF6006C94E1 /* Project object */;
			proxyType = 1;
			remoteGlobalIDString = AE2C34E62F2EBFF6006C94E1;
			remoteInfo = PokeJournal;
		};
/* End PBXContainerItemProxy section */

/* Begin PBXFileReference section */
		AE2C34E72F2EBFF6006C94E1 /* PokeJournal.app */ = {isa = PBXFileReference; explicitFileType = wrapper.application; includeInIndex = 0; path = PokeJournal.app; sourceTree = BUILT_PRODUCTS_DIR; };
		AE2C34F62F2EBFF7006C94E1 /* PokeJournalTests.xctest */ = {isa = PBXFileReference; explicitFileType = wrapper.cfbundle; includeInIndex = 0; path = PokeJournalTests.xctest; sourceTree = BUILT_PRODUCTS_DIR; };
		AE2C35002F2EBFF7006C94E1 /* PokeJournalUITests.xctest */ = {isa = PBXFileReference; explicitFileType = wrapper.cfbundle; includeInIndex = 0; path = PokeJournalUITests.xctest; sourceTree = BUILT_PRODUCTS_DIR; };
		AE2C35212F2EC08F006C94E1 /* PLAN.md */ = {isa = PBXFileReference; lastKnownFileType = net.daringfireball.markdown; name = PLAN.md; path = ../PLAN.md; sourceTree = SOURCE_ROOT; };
		AEA423672F82EED100DD75BE /* AGENTS.md */ = {isa = PBXFileReference; lastKnownFileType = net.daringfireball.markdown; name = AGENTS.md; path = ../AGENTS.md; sourceTree = SOURCE_ROOT; };
		AEA683C12F4BA7A30041C592 /* heatmap.md */ = {isa = PBXFileReference; lastKnownFileType = net.daringfireball.markdown; path = heatmap.md; sourceTree = "<group>"; };
		AEA683C22F4BA7A30041C592 /* session-detail.md */ = {isa = PBXFileReference; lastKnownFileType = net.daringfireball.markdown; path = "session-detail.md"; sourceTree = "<group>"; };
		AEA683C32F4BA7A30041C592 /* timeline-redesign.md */ = {isa = PBXFileReference; lastKnownFileType = net.daringfireball.markdown; path = "timeline-redesign.md"; sourceTree = "<group>"; };
		AEA683C52F4BA7A30041C592 /* team-evolution.md */ = {isa = PBXFileReference; lastKnownFileType = net.daringfireball.markdown; path = "team-evolution.md"; sourceTree = "<group>"; };
		AEC7C9102F300E7300F8579B /* CLAUDE.md */ = {isa = PBXFileReference; lastKnownFileType = net.daringfireball.markdown; name = CLAUDE.md; path = ../CLAUDE.md; sourceTree = SOURCE_ROOT; };
		AEC7C9112F300E7300F8579B /* README.md */ = {isa = PBXFileReference; lastKnownFileType = net.daringfireball.markdown; name = README.md; path = ../README.md; sourceTree = SOURCE_ROOT; };
		AEC7C9122F300E7300F8579B /* build.sh */ = {isa = PBXFileReference; lastKnownFileType = text.script.sh; path = build.sh; sourceTree = "<group>"; };
		AEC7C9132F300E7300F8579B /* download_sprites.sh */ = {isa = PBXFileReference; lastKnownFileType = text.script.sh; path = download_sprites.sh; sourceTree = "<group>"; };
		AEC7C9142F300E7300F8579B /* fetch_pokemon_data.py */ = {isa = PBXFileReference; lastKnownFileType = text.script.python; path = fetch_pokemon_data.py; sourceTree = "<group>"; };
/* End PBXFileReference section */

/* Begin PBXFileSystemSynchronizedRootGroup section */
		AE2C34E92F2EBFF6006C94E1 /* PokeJournal */ = {
			isa = PBXFileSystemSynchronizedRootGroup;
			path = PokeJournal;
			sourceTree = "<group>";
		};
		AE2C34F92F2EBFF7006C94E1 /* PokeJournalTests */ = {
			isa = PBXFileSystemSynchronizedRootGroup;
			path = PokeJournalTests;
			sourceTree = "<group>";
		};
		AE2C35032F2EBFF7006C94E1 /* PokeJournalUITests */ = {
			isa = PBXFileSystemSynchronizedRootGroup;
			path = PokeJournalUITests;
			sourceTree = "<group>";
		};
/* End PBXFileSystemSynchronizedRootGroup section */

/* Begin PBXFrameworksBuildPhase section */
		AE2C34E42F2EBFF6006C94E1 /* Frameworks */ = {
			isa = PBXFrameworksBuildPhase;
			buildActionMask = 2147483647;
			files = (
			);
			runOnlyForDeploymentPostprocessing = 0;
		};
		AE2C34F32F2EBFF7006C94E1 /* Frameworks */ = {
			isa = PBXFrameworksBuildPhase;
			buildActionMask = 2147483647;
			files = (
			);
			runOnlyForDeploymentPostprocessing = 0;
		};
		AE2C34FD2F2EBFF7006C94E1 /* Frameworks */ = {
			isa = PBXFrameworksBuildPhase;
			buildActionMask = 2147483647;
			files = (
			);
			runOnlyForDeploymentPostprocessing = 0;
		};
/* End PBXFrameworksBuildPhase section */

/* Begin PBXGroup section */
		AE2C34DE2F2EBFF6006C94E1 = {
			isa = PBXGroup;
			children = (
				AEA423672F82EED100DD75BE /* AGENTS.md */,
				AEA683C62F4BA7A30041C592 /* plans */,
				AEC7C9102F300E7300F8579B /* CLAUDE.md */,
				AEC7C9112F300E7300F8579B /* README.md */,
				AEC7C9152F300E7300F8579B /* scripts */,
				AE2C35212F2EC08F006C94E1 /* PLAN.md */,
				AE2C34E92F2EBFF6006C94E1 /* PokeJournal */,
				AE2C34F92F2EBFF7006C94E1 /* PokeJournalTests */,
				AE2C35032F2EBFF7006C94E1 /* PokeJournalUITests */,
				AE2C34E82F2EBFF6006C94E1 /* Products */,
			);
			sourceTree = "<group>";
		};
		AE2C34E82F2EBFF6006C94E1 /* Products */ = {
			isa = PBXGroup;
			children = (
				AE2C34E72F2EBFF6006C94E1 /* PokeJournal.app */,
				AE2C34F62F2EBFF7006C94E1 /* PokeJournalTests.xctest */,
				AE2C35002F2EBFF7006C94E1 /* PokeJournalUITests.xctest */,
			);
			name = Products;
			sourceTree = "<group>";
		};
		AEA683C42F4BA7A30041C592 /* done */ = {
			isa = PBXGroup;
			children = (
				AEA683C12F4BA7A30041C592 /* heatmap.md */,
				AEA683C22F4BA7A30041C592 /* session-detail.md */,
				AEA683C52F4BA7A30041C592 /* team-evolution.md */,
				AEA683C32F4BA7A30041C592 /* timeline-redesign.md */,
			);
			path = done;
			sourceTree = "<group>";
		};
		AEA683C62F4BA7A30041C592 /* plans */ = {
			isa = PBXGroup;
			children = (
				AEA683C42F4BA7A30041C592 /* done */,
			);
			name = plans;
			path = ../plans;
			sourceTree = SOURCE_ROOT;
		};
		AEC7C9152F300E7300F8579B /* scripts */ = {
			isa = PBXGroup;
			children = (
				AEC7C9122F300E7300F8579B /* build.sh */,
				AEC7C9132F300E7300F8579B /* download_sprites.sh */,
				AEC7C9142F300E7300F8579B /* fetch_pokemon_data.py */,
			);
			name = scripts;
			path = ../scripts;
			sourceTree = SOURCE_ROOT;
		};
/* End PBXGroup section */

/* Begin PBXNativeTarget section */
		AE2C34E62F2EBFF6006C94E1 /* PokeJournal */ = {
			isa = PBXNativeTarget;
			buildConfigurationList = AE2C350A2F2EBFF7006C94E1 /* Build configuration list for PBXNativeTarget "PokeJournal" */;
			buildPhases = (
				AE2C34E32F2EBFF6006C94E1 /* Sources */,
				AE2C34E42F2EBFF6006C94E1 /* Frameworks */,
				AE2C34E52F2EBFF6006C94E1 /* Resources */,
				AE2C35302F3D0000006C94E1 /* Set Display Name */,
			);
			buildRules = (
			);
			dependencies = (
			);
			fileSystemSynchronizedGroups = (
				AE2C34E92F2EBFF6006C94E1 /* PokeJournal */,
			);
			name = PokeJournal;
			packageProductDependencies = (
			);
			productName = PokeJournal;
			productReference = AE2C34E72F2EBFF6006C94E1 /* PokeJournal.app */;
			productType = "com.apple.product-type.application";
		};
		AE2C34F52F2EBFF7006C94E1 /* PokeJournalTests */ = {
			isa = PBXNativeTarget;
			buildConfigurationList = AE2C350D2F2EBFF7006C94E1 /* Build configuration list for PBXNativeTarget "PokeJournalTests" */;
			buildPhases = (
				AE2C34F22F2EBFF7006C94E1 /* Sources */,
				AE2C34F32F2EBFF7006C94E1 /* Frameworks */,
				AE2C34F42F2EBFF7006C94E1 /* Resources */,
			);
			buildRules = (
			);
			dependencies = (
				AE2C34F82F2EBFF7006C94E1 /* PBXTargetDependency */,
			);
			fileSystemSynchronizedGroups = (
				AE2C34F92F2EBFF7006C94E1 /* PokeJournalTests */,
			);
			name = PokeJournalTests;
			packageProductDependencies = (
			);
			productName = PokeJournalTests;
			productReference = AE2C34F62F2EBFF7006C94E1 /* PokeJournalTests.xctest */;
			productType = "com.apple.product-type.bundle.unit-test";
		};
		AE2C34FF2F2EBFF7006C94E1 /* PokeJournalUITests */ = {
			isa = PBXNativeTarget;
			buildConfigurationList = AE2C35102F2EBFF7006C94E1 /* Build configuration list for PBXNativeTarget "PokeJournalUITests" */;
			buildPhases = (
				AE2C34FC2F2EBFF7006C94E1 /* Sources */,
				AE2C34FD2F2EBFF7006C94E1 /* Frameworks */,
				AE2C34FE2F2EBFF7006C94E1 /* Resources */,
			);
			buildRules = (
			);
			dependencies = (
				AE2C35022F2EBFF7006C94E1 /* PBXTargetDependency */,
			);
			fileSystemSynchronizedGroups = (
				AE2C35032F2EBFF7006C94E1 /* PokeJournalUITests */,
			);
			name = PokeJournalUITests;
			packageProductDependencies = (
			);
			productName = PokeJournalUITests;
			productReference = AE2C35002F2EBFF7006C94E1 /* PokeJournalUITests.xctest */;
			productType = "com.apple.product-type.bundle.ui-testing";
		};
/* End PBXNativeTarget section */

/* Begin PBXProject section */
		AE2C34DF2F2EBFF6006C94E1 /* Project object */ = {
			isa = PBXProject;
			attributes = {
				BuildIndependentTargetsInParallel = 1;
				LastSwiftUpdateCheck = 2620;
				LastUpgradeCheck = 2620;
				TargetAttributes = {
					AE2C34E62F2EBFF6006C94E1 = {
						CreatedOnToolsVersion = 26.2;
					};
					AE2C34F52F2EBFF7006C94E1 = {
						CreatedOnToolsVersion = 26.2;
						TestTargetID = AE2C34E62F2EBFF6006C94E1;
					};
					AE2C34FF2F2EBFF7006C94E1 = {
						CreatedOnToolsVersion = 26.2;
						TestTargetID = AE2C34E62F2EBFF6006C94E1;
					};
				};
			};
			buildConfigurationList = AE2C34E22F2EBFF6006C94E1 /* Build configuration list for PBXProject "PokeJournal" */;
			developmentRegion = en;
			hasScannedForEncodings = 0;
			knownRegions = (
				en,
				Base,
			);
			mainGroup = AE2C34DE2F2EBFF6006C94E1;
			minimizedProjectReferenceProxies = 1;
			preferredProjectObjectVersion = 77;
			productRefGroup = AE2C34E82F2EBFF6006C94E1 /* Products */;
			projectDirPath = "";
			projectRoot = "";
			targets = (
				AE2C34E62F2EBFF6006C94E1 /* PokeJournal */,
				AE2C34F52F2EBFF7006C94E1 /* PokeJournalTests */,
				AE2C34FF2F2EBFF7006C94E1 /* PokeJournalUITests */,
			);
		};
/* End PBXProject section */

/* Begin PBXResourcesBuildPhase section */
		AE2C34E52F2EBFF6006C94E1 /* Resources */ = {
			isa = PBXResourcesBuildPhase;
			buildActionMask = 2147483647;
			files = (
			);
			runOnlyForDeploymentPostprocessing = 0;
		};
		AE2C34F42F2EBFF7006C94E1 /* Resources */ = {
			isa = PBXResourcesBuildPhase;
			buildActionMask = 2147483647;
			files = (
			);
			runOnlyForDeploymentPostprocessing = 0;
		};
		AE2C34FE2F2EBFF7006C94E1 /* Resources */ = {
			isa = PBXResourcesBuildPhase;
			buildActionMask = 2147483647;
			files = (
			);
			runOnlyForDeploymentPostprocessing = 0;
		};
/* End PBXResourcesBuildPhase section */

/* Begin PBXShellScriptBuildPhase section */
		AE2C35302F3D0000006C94E1 /* Set Display Name */ = {
			isa = PBXShellScriptBuildPhase;
			alwaysOutOfDate = 1;
			buildActionMask = 2147483647;
			files = (
			);
			inputPaths = (
			);
			name = "Set Display Name";
			outputPaths = (
			);
			runOnlyForDeploymentPostprocessing = 0;
			shellPath = /bin/sh;
			shellScript = "/usr/libexec/PlistBuddy -c \"Set :CFBundleName PokéJournal\" \"${TARGET_BUILD_DIR}/${INFOPLIST_PATH}\"\n";
		};
/* End PBXShellScriptBuildPhase section */

/* Begin PBXSourcesBuildPhase section */
		AE2C34E32F2EBFF6006C94E1 /* Sources */ = {
			isa = PBXSourcesBuildPhase;
			buildActionMask = 2147483647;
			files = (
			);
			runOnlyForDeploymentPostprocessing = 0;
		};
		AE2C34F22F2EBFF7006C94E1 /* Sources */ = {
			isa = PBXSourcesBuildPhase;
			buildActionMask = 2147483647;
			files = (
			);
			runOnlyForDeploymentPostprocessing = 0;
		};
		AE2C34FC2F2EBFF7006C94E1 /* Sources */ = {
			isa = PBXSourcesBuildPhase;
			buildActionMask = 2147483647;
			files = (
			);
			runOnlyForDeploymentPostprocessing = 0;
		};
/* End PBXSourcesBuildPhase section */

/* Begin PBXTargetDependency section */
		AE2C34F82F2EBFF7006C94E1 /* PBXTargetDependency */ = {
			isa = PBXTargetDependency;
			target = AE2C34E62F2EBFF6006C94E1 /* PokeJournal */;
			targetProxy = AE2C34F72F2EBFF7006C94E1 /* PBXContainerItemProxy */;
		};
		AE2C35022F2EBFF7006C94E1 /* PBXTargetDependency */ = {
			isa = PBXTargetDependency;
			target = AE2C34E62F2EBFF6006C94E1 /* PokeJournal */;
			targetProxy = AE2C35012F2EBFF7006C94E1 /* PBXContainerItemProxy */;
		};
/* End PBXTargetDependency section */

/* Begin XCBuildConfiguration section */
		AE2C35082F2EBFF7006C94E1 /* Debug */ = {
			isa = XCBuildConfiguration;
			buildSettings = {
				ALWAYS_SEARCH_USER_PATHS = NO;
				ASSETCATALOG_COMPILER_GENERATE_SWIFT_ASSET_SYMBOL_EXTENSIONS = YES;
				CLANG_ANALYZER_NONNULL = YES;
				CLANG_ANALYZER_NUMBER_OBJECT_CONVERSION = YES_AGGRESSIVE;
				CLANG_CXX_LANGUAGE_STANDARD = "gnu++20";
				CLANG_ENABLE_MODULES = YES;
				CLANG_ENABLE_OBJC_ARC = YES;
				CLANG_ENABLE_OBJC_WEAK = YES;
				CLANG_WARN_BLOCK_CAPTURE_AUTORELEASING = YES;
				CLANG_WARN_BOOL_CONVERSION = YES;
				CLANG_WARN_COMMA = YES;
				CLANG_WARN_CONSTANT_CONVERSION = YES;
				CLANG_WARN_DEPRECATED_OBJC_IMPLEMENTATIONS = YES;
				CLANG_WARN_DIRECT_OBJC_ISA_USAGE = YES_ERROR;
				CLANG_WARN_DOCUMENTATION_COMMENTS = YES;
				CLANG_WARN_EMPTY_BODY = YES;
				CLANG_WARN_ENUM_CONVERSION = YES;
				CLANG_WARN_INFINITE_RECURSION = YES;
				CLANG_WARN_INT_CONVERSION = YES;
				CLANG_WARN_NON_LITERAL_NULL_CONVERSION = YES;
				CLANG_WARN_OBJC_IMPLICIT_RETAIN_SELF = YES;
				CLANG_WARN_OBJC_LITERAL_CONVERSION = YES;
				CLANG_WARN_OBJC_ROOT_CLASS = YES_ERROR;
				CLANG_WARN_QUOTED_INCLUDE_IN_FRAMEWORK_HEADER = YES;
				CLANG_WARN_RANGE_LOOP_ANALYSIS = YES;
				CLANG_WARN_STRICT_PROTOTYPES = YES;
				CLANG_WARN_SUSPICIOUS_MOVE = YES;
				CLANG_WARN_UNGUARDED_AVAILABILITY = YES_AGGRESSIVE;
				CLANG_WARN_UNREACHABLE_CODE = YES;
				CLANG_WARN__DUPLICATE_METHOD_MATCH = YES;
				COPY_PHASE_STRIP = NO;
				DEBUG_INFORMATION_FORMAT = dwarf;
				DEVELOPMENT_TEAM = 2DPUG448BC;
				ENABLE_STRICT_OBJC_MSGSEND = YES;
				ENABLE_TESTABILITY = YES;
				ENABLE_USER_SCRIPT_SANDBOXING = YES;
				GCC_C_LANGUAGE_STANDARD = gnu17;
				GCC_DYNAMIC_NO_PIC = NO;
				GCC_NO_COMMON_BLOCKS = YES;
				GCC_OPTIMIZATION_LEVEL = 0;
				GCC_PREPROCESSOR_DEFINITIONS = (
					"DEBUG=1",
					"$(inherited)",
				);
				GCC_WARN_64_TO_32_BIT_CONVERSION = YES;
				GCC_WARN_ABOUT_RETURN_TYPE = YES_ERROR;
				GCC_WARN_UNDECLARED_SELECTOR = YES;
				GCC_WARN_UNINITIALIZED_AUTOS = YES_AGGRESSIVE;
				GCC_WARN_UNUSED_FUNCTION = YES;
				GCC_WARN_UNUSED_VARIABLE = YES;
				LOCALIZATION_PREFERS_STRING_CATALOGS = YES;
				MACOSX_DEPLOYMENT_TARGET = 26.2;
				MTL_ENABLE_DEBUG_INFO = INCLUDE_SOURCE;
				MTL_FAST_MATH = YES;
				ONLY_ACTIVE_ARCH = YES;
				SDKROOT = macosx;
				SWIFT_ACTIVE_COMPILATION_CONDITIONS = "DEBUG $(inherited)";
				SWIFT_OPTIMIZATION_LEVEL = "-Onone";
			};
			name = Debug;
		};
		AE2C35092F2EBFF7006C94E1 /* Release */ = {
			isa = XCBuildConfiguration;
			buildSettings = {
				ALWAYS_SEARCH_USER_PATHS = NO;
				ASSETCATALOG_COMPILER_GENERATE_SWIFT_ASSET_SYMBOL_EXTENSIONS = YES;
				CLANG_ANALYZER_NONNULL = YES;
				CLANG_ANALYZER_NUMBER_OBJECT_CONVERSION = YES_AGGRESSIVE;
				CLANG_CXX_LANGUAGE_STANDARD = "gnu++20";
				CLANG_ENABLE_MODULES = YES;
				CLANG_ENABLE_OBJC_ARC = YES;
				CLANG_ENABLE_OBJC_WEAK = YES;
				CLANG_WARN_BLOCK_CAPTURE_AUTORELEASING = YES;
				CLANG_WARN_BOOL_CONVERSION = YES;
				CLANG_WARN_COMMA = YES;
				CLANG_WARN_CONSTANT_CONVERSION = YES;
				CLANG_WARN_DEPRECATED_OBJC_IMPLEMENTATIONS = YES;
				CLANG_WARN_DIRECT_OBJC_ISA_USAGE = YES_ERROR;
				CLANG_WARN_DOCUMENTATION_COMMENTS = YES;
				CLANG_WARN_EMPTY_BODY = YES;
				CLANG_WARN_ENUM_CONVERSION = YES;
				CLANG_WARN_INFINITE_RECURSION = YES;
				CLANG_WARN_INT_CONVERSION = YES;
				CLANG_WARN_NON_LITERAL_NULL_CONVERSION = YES;
				CLANG_WARN_OBJC_IMPLICIT_RETAIN_SELF = YES;
				CLANG_WARN_OBJC_LITERAL_CONVERSION = YES;
				CLANG_WARN_OBJC_ROOT_CLASS = YES_ERROR;
				CLANG_WARN_QUOTED_INCLUDE_IN_FRAMEWORK_HEADER = YES;
				CLANG_WARN_RANGE_LOOP_ANALYSIS = YES;
				CLANG_WARN_STRICT_PROTOTYPES = YES;
				CLANG_WARN_SUSPICIOUS_MOVE = YES;
				CLANG_WARN_UNGUARDED_AVAILABILITY = YES_AGGRESSIVE;
				CLANG_WARN_UNREACHABLE_CODE = YES;
				CLANG_WARN__DUPLICATE_METHOD_MATCH = YES;
				COPY_PHASE_STRIP = NO;
				DEBUG_INFORMATION_FORMAT = "dwarf-with-dsym";
				DEVELOPMENT_TEAM = 2DPUG448BC;
				ENABLE_NS_ASSERTIONS = NO;
				ENABLE_STRICT_OBJC_MSGSEND = YES;
				ENABLE_USER_SCRIPT_SANDBOXING = YES;
				GCC_C_LANGUAGE_STANDARD = gnu17;
				GCC_NO_COMMON_BLOCKS = YES;
				GCC_WARN_64_TO_32_BIT_CONVERSION = YES;
				GCC_WARN_ABOUT_RETURN_TYPE = YES_ERROR;
				GCC_WARN_UNDECLARED_SELECTOR = YES;
				GCC_WARN_UNINITIALIZED_AUTOS = YES_AGGRESSIVE;
				GCC_WARN_UNUSED_FUNCTION = YES;
				GCC_WARN_UNUSED_VARIABLE = YES;
				LOCALIZATION_PREFERS_STRING_CATALOGS = YES;
				MACOSX_DEPLOYMENT_TARGET = 26.2;
				MTL_ENABLE_DEBUG_INFO = NO;
				MTL_FAST_MATH = YES;
				SDKROOT = macosx;
				SWIFT_COMPILATION_MODE = wholemodule;
			};
			name = Release;
		};
		AE2C350B2F2EBFF7006C94E1 /* Debug */ = {
			isa = XCBuildConfiguration;
			buildSettings = {
				ASSETCATALOG_COMPILER_APPICON_NAME = AppIcon;
				ASSETCATALOG_COMPILER_GLOBAL_ACCENT_COLOR_NAME = AccentColor;
				CODE_SIGN_STYLE = Automatic;
				COMBINE_HIDPI_IMAGES = YES;
				CURRENT_PROJECT_VERSION = 1;
				DEVELOPMENT_TEAM = 2DPUG448BC;
				ENABLE_APP_SANDBOX = YES;
				ENABLE_HARDENED_RUNTIME = YES;
				ENABLE_PREVIEWS = YES;
				ENABLE_USER_SCRIPT_SANDBOXING = NO;
				ENABLE_USER_SELECTED_FILES = readonly;
				GENERATE_INFOPLIST_FILE = YES;
				INFOPLIST_KEY_NSHumanReadableCopyright = "";
				LD_RUNPATH_SEARCH_PATHS = (
					"$(inherited)",
					"@executable_path/../Frameworks",
				);
				MARKETING_VERSION = 1.0;
				PRODUCT_BUNDLE_IDENTIFIER = io.github.fruitseller.pokejournal;
				PRODUCT_MODULE_NAME = PokeJournal;
				PRODUCT_NAME = "$(TARGET_NAME)";
				REGISTER_APP_GROUPS = YES;
				STRING_CATALOG_GENERATE_SYMBOLS = YES;
				SWIFT_APPROACHABLE_CONCURRENCY = YES;
				SWIFT_DEFAULT_ACTOR_ISOLATION = MainActor;
				SWIFT_EMIT_LOC_STRINGS = YES;
				SWIFT_UPCOMING_FEATURE_MEMBER_IMPORT_VISIBILITY = YES;
				SWIFT_VERSION = 5.0;
			};
			name = Debug;
		};
		AE2C350C2F2EBFF7006C94E1 /* Release */ = {
			isa = XCBuildConfiguration;
			buildSettings = {
				ASSETCATALOG_COMPILER_APPICON_NAME = AppIcon;
				ASSETCATALOG_COMPILER_GLOBAL_ACCENT_COLOR_NAME = AccentColor;
				CODE_SIGN_STYLE = Automatic;
				COMBINE_HIDPI_IMAGES = YES;
				CURRENT_PROJECT_VERSION = 1;
				DEVELOPMENT_TEAM = 2DPUG448BC;
				ENABLE_APP_SANDBOX = YES;
				ENABLE_HARDENED_RUNTIME = YES;
				ENABLE_PREVIEWS = YES;
				ENABLE_USER_SCRIPT_SANDBOXING = NO;
				ENABLE_USER_SELECTED_FILES = readonly;
				GENERATE_INFOPLIST_FILE = YES;
				INFOPLIST_KEY_NSHumanReadableCopyright = "";
				LD_RUNPATH_SEARCH_PATHS = (
					"$(inherited)",
					"@executable_path/../Frameworks",
				);
				MARKETING_VERSION = 1.0;
				PRODUCT_BUNDLE_IDENTIFIER = io.github.fruitseller.pokejournal;
				PRODUCT_MODULE_NAME = PokeJournal;
				PRODUCT_NAME = "$(TARGET_NAME)";
				REGISTER_APP_GROUPS = YES;
				STRING_CATALOG_GENERATE_SYMBOLS = YES;
				SWIFT_APPROACHABLE_CONCURRENCY = YES;
				SWIFT_DEFAULT_ACTOR_ISOLATION = MainActor;
				SWIFT_EMIT_LOC_STRINGS = YES;
				SWIFT_UPCOMING_FEATURE_MEMBER_IMPORT_VISIBILITY = YES;
				SWIFT_VERSION = 5.0;
			};
			name = Release;
		};
		AE2C350E2F2EBFF7006C94E1 /* Debug */ = {
			isa = XCBuildConfiguration;
			buildSettings = {
				BUNDLE_LOADER = "$(TEST_HOST)";
				CODE_SIGN_STYLE = Automatic;
				CURRENT_PROJECT_VERSION = 1;
				DEVELOPMENT_TEAM = 2DPUG448BC;
				GENERATE_INFOPLIST_FILE = YES;
				MACOSX_DEPLOYMENT_TARGET = 26.2;
				MARKETING_VERSION = 1.0;
				PRODUCT_BUNDLE_IDENTIFIER = io.github.fruitseller.pokejournalTests;
				PRODUCT_NAME = "$(TARGET_NAME)";
				STRING_CATALOG_GENERATE_SYMBOLS = NO;
				SWIFT_APPROACHABLE_CONCURRENCY = YES;
				SWIFT_EMIT_LOC_STRINGS = NO;
				SWIFT_UPCOMING_FEATURE_MEMBER_IMPORT_VISIBILITY = YES;
				SWIFT_VERSION = 5.0;
				TEST_HOST = "$(BUILT_PRODUCTS_DIR)/PokeJournal.app/$(BUNDLE_EXECUTABLE_FOLDER_PATH)/PokeJournal";
			};
			name = Debug;
		};
		AE2C350F2F2EBFF7006C94E1 /* Release */ = {
			isa = XCBuildConfiguration;
			buildSettings = {
				BUNDLE_LOADER = "$(TEST_HOST)";
				CODE_SIGN_STYLE = Automatic;
				CURRENT_PROJECT_VERSION = 1;
				DEVELOPMENT_TEAM = 2DPUG448BC;
				GENERATE_INFOPLIST_FILE = YES;
				MACOSX_DEPLOYMENT_TARGET = 26.2;
				MARKETING_VERSION = 1.0;
				PRODUCT_BUNDLE_IDENTIFIER = io.github.fruitseller.pokejournalTests;
				PRODUCT_NAME = "$(TARGET_NAME)";
				STRING_CATALOG_GENERATE_SYMBOLS = NO;
				SWIFT_APPROACHABLE_CONCURRENCY = YES;
				SWIFT_EMIT_LOC_STRINGS = NO;
				SWIFT_UPCOMING_FEATURE_MEMBER_IMPORT_VISIBILITY = YES;
				SWIFT_VERSION = 5.0;
				TEST_HOST = "$(BUILT_PRODUCTS_DIR)/PokeJournal.app/$(BUNDLE_EXECUTABLE_FOLDER_PATH)/PokeJournal";
			};
			name = Release;
		};
		AE2C35112F2EBFF7006C94E1 /* Debug */ = {
			isa = XCBuildConfiguration;
			buildSettings = {
				CODE_SIGN_STYLE = Automatic;
				CURRENT_PROJECT_VERSION = 1;
				DEVELOPMENT_TEAM = 2DPUG448BC;
				GENERATE_INFOPLIST_FILE = YES;
				MARKETING_VERSION = 1.0;
				PRODUCT_BUNDLE_IDENTIFIER = io.github.fruitseller.pokejournalUITests;
				PRODUCT_NAME = "$(TARGET_NAME)";
				STRING_CATALOG_GENERATE_SYMBOLS = NO;
				SWIFT_APPROACHABLE_CONCURRENCY = YES;
				SWIFT_EMIT_LOC_STRINGS = NO;
				SWIFT_UPCOMING_FEATURE_MEMBER_IMPORT_VISIBILITY = YES;
				SWIFT_VERSION = 5.0;
				TEST_TARGET_NAME = PokeJournal;
			};
			name = Debug;
		};
		AE2C35122F2EBFF7006C94E1 /* Release */ = {
			isa = XCBuildConfiguration;
			buildSettings = {
				CODE_SIGN_STYLE = Automatic;
				CURRENT_PROJECT_VERSION = 1;
				DEVELOPMENT_TEAM = 2DPUG448BC;
				GENERATE_INFOPLIST_FILE = YES;
				MARKETING_VERSION = 1.0;
				PRODUCT_BUNDLE_IDENTIFIER = io.github.fruitseller.pokejournalUITests;
				PRODUCT_NAME = "$(TARGET_NAME)";
				STRING_CATALOG_GENERATE_SYMBOLS = NO;
				SWIFT_APPROACHABLE_CONCURRENCY = YES;
				SWIFT_EMIT_LOC_STRINGS = NO;
				SWIFT_UPCOMING_FEATURE_MEMBER_IMPORT_VISIBILITY = YES;
				SWIFT_VERSION = 5.0;
				TEST_TARGET_NAME = PokeJournal;
			};
			name = Release;
		};
/* End XCBuildConfiguration section */

/* Begin XCConfigurationList section */
		AE2C34E22F2EBFF6006C94E1 /* Build configuration list for PBXProject "PokeJournal" */ = {
			isa = XCConfigurationList;
			buildConfigurations = (
				AE2C35082F2EBFF7006C94E1 /* Debug */,
				AE2C35092F2EBFF7006C94E1 /* Release */,
			);
			defaultConfigurationIsVisible = 0;
			defaultConfigurationName = Release;
		};
		AE2C350A2F2EBFF7006C94E1 /* Build configuration list for PBXNativeTarget "PokeJournal" */ = {
			isa = XCConfigurationList;
			buildConfigurations = (
				AE2C350B2F2EBFF7006C94E1 /* Debug */,
				AE2C350C2F2EBFF7006C94E1 /* Release */,
			);
			defaultConfigurationIsVisible = 0;
			defaultConfigurationName = Release;
		};
		AE2C350D2F2EBFF7006C94E1 /* Build configuration list for PBXNativeTarget "PokeJournalTests" */ = {
			isa = XCConfigurationList;
			buildConfigurations = (
				AE2C350E2F2EBFF7006C94E1 /* Debug */,
				AE2C350F2F2EBFF7006C94E1 /* Release */,
			);
			defaultConfigurationIsVisible = 0;
			defaultConfigurationName = Release;
		};
		AE2C35102F2EBFF7006C94E1 /* Build configuration list for PBXNativeTarget "PokeJournalUITests" */ = {
			isa = XCConfigurationList;
			buildConfigurations = (
				AE2C35112F2EBFF7006C94E1 /* Debug */,
				AE2C35122F2EBFF7006C94E1 /* Release */,
			);
			defaultConfigurationIsVisible = 0;
			defaultConfigurationName = Release;
		};
/* End XCConfigurationList section */
	};
	rootObject = AE2C34DF2F2EBFF6006C94E1 /* Project object */;
}
